
Microsoft Visual Studio Solution File, Format Version 12.00
# Visual Studio Version 17
VisualStudioVersion = 17.9.34728.123
MinimumVisualStudioVersion = 10.0.40219.1
Project("{FAE04EC0-301F-11D3-BF4B-00C04F79EFBC}") = "BusinessObjects", "BusinessObjects\BusinessObjects.csproj", "{238E3B2F-DAF7-400F-91F9-34D7A4FB2ECF}"
EndProject
Project("{FAE04EC0-301F-11D3-BF4B-00C04F79EFBC}") = "DataAccessObjects", "DataAccessObjects\DataAccessObjects.csproj", "{67472858-3140-4C66-93C6-9260B23C246F}"
EndProject
Project("{FAE04EC0-301F-11D3-BF4B-00C04F79EFBC}") = "Repositories", "Repositories\Repositories.csproj", "{933EE1A0-7B99-490A-BD7D-C736A05F276D}"
EndProject
Project("{FAE04EC0-301F-11D3-BF4B-00C04F79EFBC}") = "Services", "Services\Services.csproj", "{F343B3D5-28A8-4CEE-A124-E18824726BAA}"
EndProject
Project("{FAE04EC0-301F-11D3-BF4B-00C04F79EFBC}") = "WPFApp", "WPFApp\WPFApp.csproj", "{1A4DDBBD-A1EE-4BDE-91B1-2203FC682ED1}"
EndProject
Global
	GlobalSection(SolutionConfigurationPlatforms) = preSolution
		Debug|Any CPU = Debug|Any CPU
		Release|Any CPU = Release|Any CPU
	EndGlobalSection
	GlobalSection(ProjectConfigurationPlatforms) = postSolution
		{238E3B2F-DAF7-400F-91F9-34D7A4FB2ECF}.Debug|Any CPU.ActiveCfg = Debug|Any CPU
		{238E3B2F-DAF7-400F-91F9-34D7A4FB2ECF}.Debug|Any CPU.Build.0 = Debug|Any CPU
		{238E3B2F-DAF7-400F-91F9-34D7A4FB2ECF}.Release|Any CPU.ActiveCfg = Release|Any CPU
		{238E3B2F-DAF7-400F-91F9-34D7A4FB2ECF}.Release|Any CPU.Build.0 = Release|Any CPU
		{67472858-3140-4C66-93C6-9260B23C246F}.Debug|Any CPU.ActiveCfg = Debug|Any CPU
		{67472858-3140-4C66-93C6-9260B23C246F}.Debug|Any CPU.Build.0 = Debug|Any CPU
		{67472858-3140-4C66-93C6-9260B23C246F}.Release|Any CPU.ActiveCfg = Release|Any CPU
		{67472858-3140-4C66-93C6-9260B23C246F}.Release|Any CPU.Build.0 = Release|Any CPU
		{933EE1A0-7B99-490A-BD7D-C736A05F276D}.Debug|Any CPU.ActiveCfg = Debug|Any CPU
		{933EE1A0-7B99-490A-BD7D-C736A05F276D}.Debug|Any CPU.Build.0 = Debug|Any CPU
		{933EE1A0-7B99-490A-BD7D-C736A05F276D}.Release|Any CPU.ActiveCfg = Release|Any CPU
		{933EE1A0-7B99-490A-BD7D-C736A05F276D}.Release|Any CPU.Build.0 = Release|Any CPU
		{F343B3D5-28A8-4CEE-A124-E18824726BAA}.Debug|Any CPU.ActiveCfg = Debug|Any CPU
		{F343B3D5-28A8-4CEE-A124-E18824726BAA}.Debug|Any CPU.Build.0 = Debug|Any CPU
		{F343B3D5-28A8-4CEE-A124-E18824726BAA}.Release|Any CPU.ActiveCfg = Release|Any CPU
		{F343B3D5-28A8-4CEE-A124-E18824726BAA}.Release|Any CPU.Build.0 = Release|Any CPU
		{1A4DDBBD-A1EE-4BDE-91B1-2203FC682ED1}.Debug|Any CPU.ActiveCfg = Debug|Any CPU
		{1A4DDBBD-A1EE-4BDE-91B1-2203FC682ED1}.Debug|Any CPU.Build.0 = Debug|Any CPU
		{1A4DDBBD-A1EE-4BDE-91B1-2203FC682ED1}.Release|Any CPU.ActiveCfg = Release|Any CPU
		{1A4DDBBD-A1EE-4BDE-91B1-2203FC682ED1}.Release|Any CPU.Build.0 = Release|Any CPU
	EndGlobalSection
	GlobalSection(SolutionProperties) = preSolution
		HideSolutionNode = FALSE
	EndGlobalSection
	GlobalSection(ExtensibilityGlobals) = postSolution
		SolutionGuid = {1A504F01-40B8-48E8-AC5D-815CD621E7C6}
	EndGlobalSection
EndGlobal
